<Solution>
  <Folder Name="/Task0/">
    <Project Path="Tyuiu.MikhailichenkoAI.Sprint1.Task0.V16.Lib/Tyuiu.MikhailichenkoAI.Sprint1.Task0.V16.Lib.csproj" />
    <Project Path="Tyuiu.MikhailichenkoAI.Sprint1.Task0.V16.Test/Tyuiu.MikhailichenkoAI.Sprint1.Task0.V16.Test.csproj" />
    <Project Path="Tyuiu.MikhailichenkoAI.Sprint1.Task0.V16/Tyuiu.MikhailichenkoAI.Sprint1.Task0.V16.csproj" />
  </Folder>
  <Folder Name="/Task1/">
    <Project Path="Tyuiu.MikhailichenkoAI.Sprint1.Task1.V3.Lib/Tyuiu.MikhailichenkoAI.Sprint1.Task1.V3.Lib.csproj" Id="bcf7820d-dc40-422f-8659-e25331f7a869" />
    <Project Path="Tyuiu.MikhailichenkoAI.Sprint1.Task1.V3.Test/Tyuiu.MikhailichenkoAI.Sprint1.Task1.V3.Test.csproj" Id="57eed49d-2bfa-459f-9ba6-8c1e18ec1d36" />
    <Project Path="Tyuiu.MikhailichenkoAI.Sprint1.Task1.V3/Tyuiu.MikhailichenkoAI.Sprint1.Task1.V3.csproj" Id="f84a29d0-5db9-4190-9879-bff143318e22" />
  </Folder>
  <Folder Name="/Task2/">
    <Project Path="Tyuiu.MikhailichenkoAI.Sprint1.Task2.V29.Lib/Tyuiu.MikhailichenkoAI.Sprint1.Task2.V29.Lib.csproj" Id="007118a8-54d3-4eef-aad3-6b0fdcc90992" />
    <Project Path="Tyuiu.MikhailichenkoAI.Sprint1.Task2.V29.Test/Tyuiu.MikhailichenkoAI.Sprint1.Task2.V29.Test.csproj" Id="00a5b08f-1c8b-4dfd-a346-c2350b9c3d96" />
    <Project Path="Tyuiu.MikhailichenkoAI.Sprint1.Task2.V29/Tyuiu.MikhailichenkoAI.Sprint1.Task2.V29.csproj" Id="685f4acc-c4cb-4697-b1c9-fda8bde69430" />
  </Folder>
  <Folder Name="/Task3/">
    <Project Path="Tyuiu.MikhailichenkoAI.Sprint1.Task3.V14.Lib/Tyuiu.MikhailichenkoAI.Sprint1.Task3.V14.Lib.csproj" Id="719f225d-91da-43bc-ad0a-cd2b898660d2" />
    <Project Path="Tyuiu.MikhailichenkoAI.Sprint1.Task3.V14.Test/Tyuiu.MikhailichenkoAI.Sprint1.Task3.V14.Test.csproj" Id="b88de7db-66c6-425b-a20a-e7c01c084806" />
    <Project Path="Tyuiu.MikhailichenkoAI.Sprint1.Task3.V14/Tyuiu.MikhailichenkoAI.Sprint1.Task3.V14.csproj" Id="d657c1b2-8e22-49f8-8355-a64f46377cdb" />
  </Folder>
  <Folder Name="/Task4/">
    <Project Path="Tyuiu.MikhailichenkoAI.Sprint1.Task4.V6.Lib/Tyuiu.MikhailichenkoAI.Sprint1.Task4.V6.Lib.csproj" Id="edb7ca4d-feb2-43f9-89a5-1e6c4ebe2490" />
    <Project Path="Tyuiu.MikhailichenkoAI.Sprint1.Task4.V6.Test/Tyuiu.MikhailichenkoAI.Sprint1.Task4.V6.Test.csproj" Id="9db4828a-b7dd-4f3f-9321-ef61da29b096" />
    <Project Path="Tyuiu.MikhailichenkoAI.Sprint1.Task4.V6/Tyuiu.MikhailichenkoAI.Sprint1.Task4.V6.csproj" Id="360ff4da-1035-42b1-bc1e-54cdf74104a0" />
  </Folder>
  <Folder Name="/Task5/">
    <Project Path="Tyuiu.MikhailichenkoAI.Sprint1.Task5.V6.Lib/Tyuiu.MikhailichenkoAI.Sprint1.Task5.V6.Lib.csproj" Id="0f942bc8-3d3f-4fd8-a021-2fb6fba18300" />
    <Project Path="Tyuiu.MikhailichenkoAI.Sprint1.Task5.V6.Test/Tyuiu.MikhailichenkoAI.Sprint1.Task5.V6.Test.csproj" Id="a7e8a5d8-e9d6-4a68-96a7-14c17c3bf8f5" />
    <Project Path="Tyuiu.MikhailichenkoAI.Sprint1.Task5.V6/Tyuiu.MikhailichenkoAI.Sprint1.Task5.V6.csproj" Id="b0d77554-8a5b-458d-b928-5fa4b34835e7" />
  </Folder>
  <Folder Name="/Task6/">
    <Project Path="Tyuiu.MikhailichenkoAI.Sprint1.Task6.V7.Lib/Tyuiu.MikhailichenkoAI.Sprint1.Task6.V7.Lib.csproj" Id="2aa7922e-6709-4246-849c-37dec2c9d4e4" />
    <Project Path="Tyuiu.MikhailichenkoAI.Sprint1.Task6.V7.Test/Tyuiu.MikhailichenkoAI.Sprint1.Task6.V7.Test.csproj" Id="1a113c90-af0d-434e-84c2-63cf4b8dfa65" />
    <Project Path="Tyuiu.MikhailichenkoAI.Sprint1.Task6.V7/Tyuiu.MikhailichenkoAI.Sprint1.Task6.V7.csproj" Id="ea8e64cd-96b1-4a23-9174-f3113b39ecfe" />
  </Folder>
  <Folder Name="/Task7/">
    <Project Path="Tyuiu.MikhailichenkoAI.Sprint1.Task7.V27.Lib/Tyuiu.MikhailichenkoAI.Sprint1.Task7.V27.Lib.csproj" Id="955d0c07-4429-491e-8be9-abea3dd87a6a" />
    <Project Path="Tyuiu.MikhailichenkoAI.Sprint1.Task7.V27.Test/Tyuiu.MikhailichenkoAI.Sprint1.Task7.V27.Test.csproj" Id="2b4ac6b2-edc3-41b4-85c0-a7dd29c6c113" />
    <Project Path="Tyuiu.MikhailichenkoAI.Sprint1.Task7.V27/Tyuiu.MikhailichenkoAI.Sprint1.Task7.V27.csproj" Id="d1aecdd3-7404-42e7-922a-b515b6da69d7" />
  </Folder>
</Solution>
