<Solution>
  <Folder Name="/Task0/">
    <Project Path="Tyuiu.MikhailichenkoAI.Sprint1.Task0.V16.Lib/Tyuiu.MikhailichenkoAI.Sprint1.Task0.V16.Lib.csproj" />
    <Project Path="Tyuiu.MikhailichenkoAI.Sprint1.Task0.V16.Test/Tyuiu.MikhailichenkoAI.Sprint1.Task0.V16.Test.csproj" />
    <Project Path="Tyuiu.MikhailichenkoAI.Sprint1.Task0.V16/Tyuiu.MikhailichenkoAI.Sprint1.Task0.V16.csproj" />
  </Folder>
</Solution>
